
Microsoft Visual Studio Solution File, Format Version 12.00
# Visual Studio 14
VisualStudioVersion = 14.0.25420.1
MinimumVisualStudioVersion = 10.0.40219.1
Project("{FAE04EC0-301F-11D3-BF4B-00C04F79EFBC}") = "findf", "findf\findf.csproj", "{EEABE630-AF3B-4520-9C51-A184E737EBD5}"
EndProject
Project("{FAE04EC0-301F-11D3-BF4B-00C04F79EFBC}") = "findif", "findif\findif.csproj", "{294A5FA0-FE36-48C4-815A-4CC88AB5D63C}"
EndProject
Project("{FAE04EC0-301F-11D3-BF4B-00C04F79EFBC}") = "cdf", "cdf\cdf.csproj", "{2DCEA7ED-03D8-4A04-B698-A1DA32668987}"
EndProject
Project("{2150E333-8FDC-42A3-9474-1A3956D46DE8}") = "Solution Items", "Solution Items", "{0E2E1F1D-8C2B-41AB-9F69-95A355B3C8C1}"
	ProjectSection(SolutionItems) = preProject
		.editorconfig = .editorconfig
	EndProjectSection
EndProject
Project("{FAE04EC0-301F-11D3-BF4B-00C04F79EFBC}") = "linemod", "linemod\linemod.csproj", "{25D09EFF-0349-4081-BE17-27FBE53BD2A8}"
EndProject
Project("{FAE04EC0-301F-11D3-BF4B-00C04F79EFBC}") = "far", "far\far.csproj", "{7078EF8C-4FBD-4FC5-B8D3-949BC0C65A77}"
EndProject
Project("{FAE04EC0-301F-11D3-BF4B-00C04F79EFBC}") = "edit", "edit\edit.csproj", "{AC350D58-E7C1-4D12-AEE8-0F46307953FA}"
EndProject
Global
	GlobalSection(SolutionConfigurationPlatforms) = preSolution
		Debug|Any CPU = Debug|Any CPU
		Release|Any CPU = Release|Any CPU
	EndGlobalSection
	GlobalSection(ProjectConfigurationPlatforms) = postSolution
		{EEABE630-AF3B-4520-9C51-A184E737EBD5}.Debug|Any CPU.ActiveCfg = Debug|Any CPU
		{EEABE630-AF3B-4520-9C51-A184E737EBD5}.Debug|Any CPU.Build.0 = Debug|Any CPU
		{EEABE630-AF3B-4520-9C51-A184E737EBD5}.Release|Any CPU.ActiveCfg = Release|Any CPU
		{EEABE630-AF3B-4520-9C51-A184E737EBD5}.Release|Any CPU.Build.0 = Release|Any CPU
		{294A5FA0-FE36-48C4-815A-4CC88AB5D63C}.Debug|Any CPU.ActiveCfg = Debug|Any CPU
		{294A5FA0-FE36-48C4-815A-4CC88AB5D63C}.Debug|Any CPU.Build.0 = Debug|Any CPU
		{294A5FA0-FE36-48C4-815A-4CC88AB5D63C}.Release|Any CPU.ActiveCfg = Release|Any CPU
		{294A5FA0-FE36-48C4-815A-4CC88AB5D63C}.Release|Any CPU.Build.0 = Release|Any CPU
		{2DCEA7ED-03D8-4A04-B698-A1DA32668987}.Debug|Any CPU.ActiveCfg = Debug|Any CPU
		{2DCEA7ED-03D8-4A04-B698-A1DA32668987}.Debug|Any CPU.Build.0 = Debug|Any CPU
		{2DCEA7ED-03D8-4A04-B698-A1DA32668987}.Release|Any CPU.ActiveCfg = Release|Any CPU
		{2DCEA7ED-03D8-4A04-B698-A1DA32668987}.Release|Any CPU.Build.0 = Release|Any CPU
		{25D09EFF-0349-4081-BE17-27FBE53BD2A8}.Debug|Any CPU.ActiveCfg = Debug|Any CPU
		{25D09EFF-0349-4081-BE17-27FBE53BD2A8}.Debug|Any CPU.Build.0 = Debug|Any CPU
		{25D09EFF-0349-4081-BE17-27FBE53BD2A8}.Release|Any CPU.ActiveCfg = Release|Any CPU
		{25D09EFF-0349-4081-BE17-27FBE53BD2A8}.Release|Any CPU.Build.0 = Release|Any CPU
		{7078EF8C-4FBD-4FC5-B8D3-949BC0C65A77}.Debug|Any CPU.ActiveCfg = Debug|Any CPU
		{7078EF8C-4FBD-4FC5-B8D3-949BC0C65A77}.Debug|Any CPU.Build.0 = Debug|Any CPU
		{7078EF8C-4FBD-4FC5-B8D3-949BC0C65A77}.Release|Any CPU.ActiveCfg = Release|Any CPU
		{7078EF8C-4FBD-4FC5-B8D3-949BC0C65A77}.Release|Any CPU.Build.0 = Release|Any CPU
		{AC350D58-E7C1-4D12-AEE8-0F46307953FA}.Debug|Any CPU.ActiveCfg = Debug|Any CPU
		{AC350D58-E7C1-4D12-AEE8-0F46307953FA}.Debug|Any CPU.Build.0 = Debug|Any CPU
		{AC350D58-E7C1-4D12-AEE8-0F46307953FA}.Release|Any CPU.ActiveCfg = Release|Any CPU
		{AC350D58-E7C1-4D12-AEE8-0F46307953FA}.Release|Any CPU.Build.0 = Release|Any CPU
	EndGlobalSection
	GlobalSection(SolutionProperties) = preSolution
		HideSolutionNode = FALSE
	EndGlobalSection
	GlobalSection(ExtensibilityGlobals) = postSolution
		SolutionGuid = {268C1A9D-E325-452E-9761-EF19EFEB40F3}
	EndGlobalSection
EndGlobal
